PODS:
  - R.swift (5.3.0):
    - R.swift.Library (~> 5.3.0)
  - R.swift.Library (5.3.0)
  - Swinject (2.7.1)

DEPENDENCIES:
  - R.swift
  - Swinject

SPEC REPOS:
  trunk:
    - R.swift
    - R.swift.Library
    - Swinject

SPEC CHECKSUMS:
  R.swift: 4170fb7161c67be3bc1a847040b79367d69c419f
  R.swift.Library: 0fc583cb55a99e28901299cc451614cad1161962
  Swinject: ddf78b8486dd9b71a667b852cad919ab4484478e

PODFILE CHECKSUM: fae31f39100b123b5f1c0a662ad3b6228d65f24c

COCOAPODS: 1.10.0
