// !$*UTF8*$!
{
	archiveVersion = 1;
	classes = {
	};
	objectVersion = 50;
	objects = {

/* Begin PBXBuildFile section */
		6030FEC22596246400419E9D /* AppDelegate.swift in Sources */ = {isa = PBXBuildFile; fileRef = 6030FEC12596246400419E9D /* AppDelegate.swift */; };
		6030FEC42596246400419E9D /* SceneDelegate.swift in Sources */ = {isa = PBXBuildFile; fileRef = 6030FEC32596246400419E9D /* SceneDelegate.swift */; };
		6030FEC62596246400419E9D /* ContentView.swift in Sources */ = {isa = PBXBuildFile; fileRef = 6030FEC52596246400419E9D /* ContentView.swift */; };
		6030FEC82596246500419E9D /* Assets.xcassets in Resources */ = {isa = PBXBuildFile; fileRef = 6030FEC72596246500419E9D /* Assets.xcassets */; };
		6030FECB2596246500419E9D /* Preview Assets.xcassets in Resources */ = {isa = PBXBuildFile; fileRef = 6030FECA2596246500419E9D /* Preview Assets.xcassets */; };
		6030FECE2596246500419E9D /* LaunchScreen.storyboard in Resources */ = {isa = PBXBuildFile; fileRef = 6030FECC2596246500419E9D /* LaunchScreen.storyboard */; };
/* End PBXBuildFile section */

/* Begin PBXFileReference section */
		6030FEBE2596246400419E9D /* Proxyman.app */ = {isa = PBXFileReference; explicitFileType = wrapper.application; includeInIndex = 0; path = Proxyman.app; sourceTree = BUILT_PRODUCTS_DIR; };
		6030FEC12596246400419E9D /* AppDelegate.swift */ = {isa = PBXFileReference; lastKnownFileType = sourcecode.swift; path = AppDelegate.swift; sourceTree = "<group>"; };
		6030FEC32596246400419E9D /* SceneDelegate.swift */ = {isa = PBXFileReference; lastKnownFileType = sourcecode.swift; path = SceneDelegate.swift; sourceTree = "<group>"; };
		6030FEC52596246400419E9D /* ContentView.swift */ = {isa = PBXFileReference; lastKnownFileType = sourcecode.swift; path = ContentView.swift; sourceTree = "<group>"; };
		6030FEC72596246500419E9D /* Assets.xcassets */ = {isa = PBXFileReference; lastKnownFileType = folder.assetcatalog; path = Assets.xcassets; sourceTree = "<group>"; };
		6030FECA2596246500419E9D /* Preview Assets.xcassets */ = {isa = PBXFileReference; lastKnownFileType = folder.assetcatalog; path = "Preview Assets.xcassets"; sourceTree = "<group>"; };
		6030FECD2596246500419E9D /* Base */ = {isa = PBXFileReference; lastKnownFileType = file.storyboard; name = Base; path = Base.lproj/LaunchScreen.storyboard; sourceTree = "<group>"; };
		6030FECF2596246500419E9D /* Info.plist */ = {isa = PBXFileReference; lastKnownFileType = text.plist.xml; path = Info.plist; sourceTree = "<group>"; };
/* End PBXFileReference section */

/* Begin PBXFrameworksBuildPhase section */
		6030FEBB2596246400419E9D /* Frameworks */ = {
			isa = PBXFrameworksBuildPhase;
			buildActionMask = 2147483647;
			files = (
			);
			runOnlyForDeploymentPostprocessing = 0;
		};
/* End PBXFrameworksBuildPhase section */

/* Begin PBXGroup section */
		6030FEB52596246400419E9D = {
			isa = PBXGroup;
			children = (
				6030FEC02596246400419E9D /* Proxyman */,
				6030FEBF2596246400419E9D /* Products */,
			);
			sourceTree = "<group>";
		};
		6030FEBF2596246400419E9D /* Products */ = {
			isa = PBXGroup;
			children = (
				6030FEBE2596246400419E9D /* Proxyman.app */,
			);
			name = Products;
			sourceTree = "<group>";
		};
		6030FEC02596246400419E9D /* Proxyman */ = {
			isa = PBXGroup;
			children = (
				6030FEDB25962A0100419E9D /* App */,
				6030FEC52596246400419E9D /* ContentView.swift */,
				6030FED92596273700419E9D /* Resources */,
				6030FED72596270F00419E9D /* Supporting Files */,
			);
			path = Proxyman;
			sourceTree = "<group>";
		};
		6030FED72596270F00419E9D /* Supporting Files */ = {
			isa = PBXGroup;
			children = (
				6030FECF2596246500419E9D /* Info.plist */,
			);
			path = "Supporting Files";
			sourceTree = "<group>";
		};
		6030FED92596273700419E9D /* Resources */ = {
			isa = PBXGroup;
			children = (
				6030FECC2596246500419E9D /* LaunchScreen.storyboard */,
				6030FEC72596246500419E9D /* Assets.xcassets */,
				6030FECA2596246500419E9D /* Preview Assets.xcassets */,
			);
			path = Resources;
			sourceTree = "<group>";
		};
		6030FEDB25962A0100419E9D /* App */ = {
			isa = PBXGroup;
			children = (
				6030FEC12596246400419E9D /* AppDelegate.swift */,
				6030FEC32596246400419E9D /* SceneDelegate.swift */,
			);
			path = App;
			sourceTree = "<group>";
		};
/* End PBXGroup section */

/* Begin PBXNativeTarget section */
		6030FEBD2596246400419E9D /* Proxyman */ = {
			isa = PBXNativeTarget;
			buildConfigurationList = 6030FED22596246500419E9D /* Build configuration list for PBXNativeTarget "Proxyman" */;
			buildPhases = (
				6030FEBA2596246400419E9D /* Sources */,
				6030FEBB2596246400419E9D /* Frameworks */,
				6030FEBC2596246400419E9D /* Resources */,
			);
			buildRules = (
			);
			dependencies = (
			);
			name = Proxyman;
			productName = Proxyman;
			productReference = 6030FEBE2596246400419E9D /* Proxyman.app */;
			productType = "com.apple.product-type.application";
		};
/* End PBXNativeTarget section */

/* Begin PBXProject section */
		6030FEB62596246400419E9D /* Project object */ = {
			isa = PBXProject;
			attributes = {
				LastSwiftUpdateCheck = 1220;
				LastUpgradeCheck = 1220;
				TargetAttributes = {
					6030FEBD2596246400419E9D = {
						CreatedOnToolsVersion = 12.2;
					};
				};
			};
			buildConfigurationList = 6030FEB92596246400419E9D /* Build configuration list for PBXProject "Proxyman" */;
			compatibilityVersion = "Xcode 9.3";
			developmentRegion = en;
			hasScannedForEncodings = 0;
			knownRegions = (
				en,
				Base,
			);
			mainGroup = 6030FEB52596246400419E9D;
			productRefGroup = 6030FEBF2596246400419E9D /* Products */;
			projectDirPath = "";
			projectRoot = "";
			targets = (
				6030FEBD2596246400419E9D /* Proxyman */,
			);
		};
/* End PBXProject section */

/* Begin PBXResourcesBuildPhase section */
		6030FEBC2596246400419E9D /* Resources */ = {
			isa = PBXResourcesBuildPhase;
			buildActionMask = 2147483647;
			files = (
				6030FECE2596246500419E9D /* LaunchScreen.storyboard in Resources */,
				6030FECB2596246500419E9D /* Preview Assets.xcassets in Resources */,
				6030FEC82596246500419E9D /* Assets.xcassets in Resources */,
			);
			runOnlyForDeploymentPostprocessing = 0;
		};
/* End PBXResourcesBuildPhase section */

/* Begin PBXSourcesBuildPhase section */
		6030FEBA2596246400419E9D /* Sources */ = {
			isa = PBXSourcesBuildPhase;
			buildActionMask = 2147483647;
			files = (
				6030FEC22596246400419E9D /* AppDelegate.swift in Sources */,
				6030FEC42596246400419E9D /* SceneDelegate.swift in Sources */,
				6030FEC62596246400419E9D /* ContentView.swift in Sources */,
			);
			runOnlyForDeploymentPostprocessing = 0;
		};
/* End PBXSourcesBuildPhase section */

/* Begin PBXVariantGroup section */
		6030FECC2596246500419E9D /* LaunchScreen.storyboard */ = {
			isa = PBXVariantGroup;
			children = (
				6030FECD2596246500419E9D /* Base */,
			);
			name = LaunchScreen.storyboard;
			sourceTree = "<group>";
		};
/* End PBXVariantGroup section */

/* Begin XCBuildConfiguration section */
		6030FED02596246500419E9D /* Debug */ = {
			isa = XCBuildConfiguration;
			buildSettings = {
				ALWAYS_SEARCH_USER_PATHS = NO;
				CLANG_ANALYZER_NONNULL = YES;
				CLANG_ANALYZER_NUMBER_OBJECT_CONVERSION = YES_AGGRESSIVE;
				CLANG_CXX_LANGUAGE_STANDARD = "gnu++14";
				CLANG_CXX_LIBRARY = "libc++";
				CLANG_ENABLE_MODULES = YES;
				CLANG_ENABLE_OBJC_ARC = YES;
				CLANG_ENABLE_OBJC_WEAK = YES;
				CLANG_WARN_BLOCK_CAPTURE_AUTORELEASING = YES;
				CLANG_WARN_BOOL_CONVERSION = YES;
				CLANG_WARN_COMMA = YES;
				CLANG_WARN_CONSTANT_CONVERSION = YES;
				CLANG_WARN_DEPRECATED_OBJC_IMPLEMENTATIONS = YES;
				CLANG_WARN_DIRECT_OBJC_ISA_USAGE = YES_ERROR;
				CLANG_WARN_DOCUMENTATION_COMMENTS = YES;
				CLANG_WARN_EMPTY_BODY = YES;
				CLANG_WARN_ENUM_CONVERSION = YES;
				CLANG_WARN_INFINITE_RECURSION = YES;
				CLANG_WARN_INT_CONVERSION = YES;
				CLANG_WARN_NON_LITERAL_NULL_CONVERSION = YES;
				CLANG_WARN_OBJC_IMPLICIT_RETAIN_SELF = YES;
				CLANG_WARN_OBJC_LITERAL_CONVERSION = YES;
				CLANG_WARN_OBJC_ROOT_CLASS = YES_ERROR;
				CLANG_WARN_QUOTED_INCLUDE_IN_FRAMEWORK_HEADER = YES;
				CLANG_WARN_RANGE_LOOP_ANALYSIS = YES;
				CLANG_WARN_STRICT_PROTOTYPES = YES;
				CLANG_WARN_SUSPICIOUS_MOVE = YES;
				CLANG_WARN_UNGUARDED_AVAILABILITY = YES_AGGRESSIVE;
				CLANG_WARN_UNREACHABLE_CODE = YES;
				CLANG_WARN__DUPLICATE_METHOD_MATCH = YES;
				COPY_PHASE_STRIP = NO;
				DEBUG_INFORMATION_FORMAT = dwarf;
				ENABLE_STRICT_OBJC_MSGSEND = YES;
				ENABLE_TESTABILITY = YES;
				GCC_C_LANGUAGE_STANDARD = gnu11;
				GCC_DYNAMIC_NO_PIC = NO;
				GCC_NO_COMMON_BLOCKS = YES;
				GCC_OPTIMIZATION_LEVEL = 0;
				GCC_PREPROCESSOR_DEFINITIONS = (
					"DEBUG=1",
					"$(inherited)",
				);
				GCC_WARN_64_TO_32_BIT_CONVERSION = YES;
				GCC_WARN_ABOUT_RETURN_TYPE = YES_ERROR;
				GCC_WARN_UNDECLARED_SELECTOR = YES;
				GCC_WARN_UNINITIALIZED_AUTOS = YES_AGGRESSIVE;
				GCC_WARN_UNUSED_FUNCTION = YES;
				GCC_WARN_UNUSED_VARIABLE = YES;
				IPHONEOS_DEPLOYMENT_TARGET = 14.2;
				MTL_ENABLE_DEBUG_INFO = INCLUDE_SOURCE;
				MTL_FAST_MATH = YES;
				ONLY_ACTIVE_ARCH = YES;
				SDKROOT = iphoneos;
				SWIFT_ACTIVE_COMPILATION_CONDITIONS = DEBUG;
				SWIFT_OPTIMIZATION_LEVEL = "-Onone";
			};
			name = Debug;
		};
		6030FED12596246500419E9D /* Release */ = {
			isa = XCBuildConfiguration;
			buildSettings = {
				ALWAYS_SEARCH_USER_PATHS = NO;
				CLANG_ANALYZER_NONNULL = YES;
				CLANG_ANALYZER_NUMBER_OBJECT_CONVERSION = YES_AGGRESSIVE;
				CLANG_CXX_LANGUAGE_STANDARD = "gnu++14";
				CLANG_CXX_LIBRARY = "libc++";
				CLANG_ENABLE_MODULES = YES;
				CLANG_ENABLE_OBJC_ARC = YES;
				CLANG_ENABLE_OBJC_WEAK = YES;
				CLANG_WARN_BLOCK_CAPTURE_AUTORELEASING = YES;
				CLANG_WARN_BOOL_CONVERSION = YES;
				CLANG_WARN_COMMA = YES;
				CLANG_WARN_CONSTANT_CONVERSION = YES;
				CLANG_WARN_DEPRECATED_OBJC_IMPLEMENTATIONS = YES;
				CLANG_WARN_DIRECT_OBJC_ISA_USAGE = YES_ERROR;
				CLANG_WARN_DOCUMENTATION_COMMENTS = YES;
				CLANG_WARN_EMPTY_BODY = YES;
				CLANG_WARN_ENUM_CONVERSION = YES;
				CLANG_WARN_INFINITE_RECURSION = YES;
				CLANG_WARN_INT_CONVERSION = YES;
				CLANG_WARN_NON_LITERAL_NULL_CONVERSION = YES;
				CLANG_WARN_OBJC_IMPLICIT_RETAIN_SELF = YES;
				CLANG_WARN_OBJC_LITERAL_CONVERSION = YES;
				CLANG_WARN_OBJC_ROOT_CLASS = YES_ERROR;
				CLANG_WARN_QUOTED_INCLUDE_IN_FRAMEWORK_HEADER = YES;
				CLANG_WARN_RANGE_LOOP_ANALYSIS = YES;
				CLANG_WARN_STRICT_PROTOTYPES = YES;
				CLANG_WARN_SUSPICIOUS_MOVE = YES;
				CLANG_WARN_UNGUARDED_AVAILABILITY = YES_AGGRESSIVE;
				CLANG_WARN_UNREACHABLE_CODE = YES;
				CLANG_WARN__DUPLICATE_METHOD_MATCH = YES;
				COPY_PHASE_STRIP = NO;
				DEBUG_INFORMATION_FORMAT = "dwarf-with-dsym";
				ENABLE_NS_ASSERTIONS = NO;
				ENABLE_STRICT_OBJC_MSGSEND = YES;
				GCC_C_LANGUAGE_STANDARD = gnu11;
				GCC_NO_COMMON_BLOCKS = YES;
				GCC_WARN_64_TO_32_BIT_CONVERSION = YES;
				GCC_WARN_ABOUT_RETURN_TYPE = YES_ERROR;
				GCC_WARN_UNDECLARED_SELECTOR = YES;
				GCC_WARN_UNINITIALIZED_AUTOS = YES_AGGRESSIVE;
				GCC_WARN_UNUSED_FUNCTION = YES;
				GCC_WARN_UNUSED_VARIABLE = YES;
				IPHONEOS_DEPLOYMENT_TARGET = 14.2;
				MTL_ENABLE_DEBUG_INFO = NO;
				MTL_FAST_MATH = YES;
				SDKROOT = iphoneos;
				SWIFT_COMPILATION_MODE = wholemodule;
				SWIFT_OPTIMIZATION_LEVEL = "-O";
				VALIDATE_PRODUCT = YES;
			};
			name = Release;
		};
		6030FED32596246500419E9D /* Debug */ = {
			isa = XCBuildConfiguration;
			buildSettings = {
				ASSETCATALOG_COMPILER_APPICON_NAME = AppIcon;
				ASSETCATALOG_COMPILER_GLOBAL_ACCENT_COLOR_NAME = AccentColor;
				CODE_SIGN_STYLE = Automatic;
				DEVELOPMENT_ASSET_PATHS = "\"Proxyman/Preview Content\"";
				DEVELOPMENT_TEAM = 749N2H2D4B;
				ENABLE_PREVIEWS = YES;
				INFOPLIST_FILE = "Proxyman/Supporting Files/Info.plist";
				IPHONEOS_DEPLOYMENT_TARGET = 13.0;
				LD_RUNPATH_SEARCH_PATHS = (
					"$(inherited)",
					"@executable_path/Frameworks",
				);
				PRODUCT_BUNDLE_IDENTIFIER = ua.ky1vstar.Proxyman;
				PRODUCT_NAME = "$(TARGET_NAME)";
				SWIFT_VERSION = 5.0;
				TARGETED_DEVICE_FAMILY = "1,2";
			};
			name = Debug;
		};
		6030FED42596246500419E9D /* Release */ = {
			isa = XCBuildConfiguration;
			buildSettings = {
				ASSETCATALOG_COMPILER_APPICON_NAME = AppIcon;
				ASSETCATALOG_COMPILER_GLOBAL_ACCENT_COLOR_NAME = AccentColor;
				CODE_SIGN_STYLE = Automatic;
				DEVELOPMENT_ASSET_PATHS = "\"Proxyman/Preview Content\"";
				DEVELOPMENT_TEAM = 749N2H2D4B;
				ENABLE_PREVIEWS = YES;
				INFOPLIST_FILE = "Proxyman/Supporting Files/Info.plist";
				IPHONEOS_DEPLOYMENT_TARGET = 13.0;
				LD_RUNPATH_SEARCH_PATHS = (
					"$(inherited)",
					"@executable_path/Frameworks",
				);
				PRODUCT_BUNDLE_IDENTIFIER = ua.ky1vstar.Proxyman;
				PRODUCT_NAME = "$(TARGET_NAME)";
				SWIFT_VERSION = 5.0;
				TARGETED_DEVICE_FAMILY = "1,2";
			};
			name = Release;
		};
/* End XCBuildConfiguration section */

/* Begin XCConfigurationList section */
		6030FEB92596246400419E9D /* Build configuration list for PBXProject "Proxyman" */ = {
			isa = XCConfigurationList;
			buildConfigurations = (
				6030FED02596246500419E9D /* Debug */,
				6030FED12596246500419E9D /* Release */,
			);
			defaultConfigurationIsVisible = 0;
			defaultConfigurationName = Release;
		};
		6030FED22596246500419E9D /* Build configuration list for PBXNativeTarget "Proxyman" */ = {
			isa = XCConfigurationList;
			buildConfigurations = (
				6030FED32596246500419E9D /* Debug */,
				6030FED42596246500419E9D /* Release */,
			);
			defaultConfigurationIsVisible = 0;
			defaultConfigurationName = Release;
		};
/* End XCConfigurationList section */
	};
	rootObject = 6030FEB62596246400419E9D /* Project object */;
}
