// !$*UTF8*$!
{
	archiveVersion = 1;
	classes = {
	};
	objectVersion = 51;
	objects = {

/* Begin PBXBuildFile section */
		6030FEC22596246400419E9D /* AppDelegate.swift in Sources */ = {isa = PBXBuildFile; fileRef = 6030FEC12596246400419E9D /* AppDelegate.swift */; };
		6030FEC42596246400419E9D /* SceneDelegate.swift in Sources */ = {isa = PBXBuildFile; fileRef = 6030FEC32596246400419E9D /* SceneDelegate.swift */; };
		6030FEC82596246500419E9D /* Assets.xcassets in Resources */ = {isa = PBXBuildFile; fileRef = 6030FEC72596246500419E9D /* Assets.xcassets */; };
		6030FECB2596246500419E9D /* Preview Assets.xcassets in Resources */ = {isa = PBXBuildFile; fileRef = 6030FECA2596246500419E9D /* Preview Assets.xcassets */; };
		6030FECE2596246500419E9D /* LaunchScreen.storyboard in Resources */ = {isa = PBXBuildFile; fileRef = 6030FECC2596246500419E9D /* LaunchScreen.storyboard */; };
		6030FEE625962E5900419E9D /* R.generated.swift in Sources */ = {isa = PBXBuildFile; fileRef = 6030FEE525962E5900419E9D /* R.generated.swift */; };
		6039DA082597A7A100F32490 /* NetworkExtension.framework in Frameworks */ = {isa = PBXBuildFile; fileRef = 6039DA072597A7A100F32490 /* NetworkExtension.framework */; };
		6039DA0B2597A7A100F32490 /* PacketTunnelProvider.swift in Sources */ = {isa = PBXBuildFile; fileRef = 6039DA0A2597A7A100F32490 /* PacketTunnelProvider.swift */; };
		6039DA102597A7A100F32490 /* PacketTunnelProvider.appex in Embed App Extensions */ = {isa = PBXBuildFile; fileRef = 6039DA062597A7A100F32490 /* PacketTunnelProvider.appex */; settings = {ATTRIBUTES = (RemoveHeadersOnCopy, ); }; };
		6039DA1C2597A89500F32490 /* ExtensionPrint.swift in Sources */ = {isa = PBXBuildFile; fileRef = 6039DA1B2597A89500F32490 /* ExtensionPrint.swift */; };
		60671CC02597D9C7003225D3 /* ProxyRepository.swift in Sources */ = {isa = PBXBuildFile; fileRef = 60671CBF2597D9C7003225D3 /* ProxyRepository.swift */; };
		60671CC82597DA92003225D3 /* Proxy.swift in Sources */ = {isa = PBXBuildFile; fileRef = 60671CC72597DA92003225D3 /* Proxy.swift */; };
		60671CCE2597DAD1003225D3 /* ProxyConfiguration.swift in Sources */ = {isa = PBXBuildFile; fileRef = 60671CCD2597DAD1003225D3 /* ProxyConfiguration.swift */; };
		60671CD22597DAFF003225D3 /* AutoProxyConfiguration.swift in Sources */ = {isa = PBXBuildFile; fileRef = 60671CD12597DAFF003225D3 /* AutoProxyConfiguration.swift */; };
		60671CD62597DB0B003225D3 /* ManualProxyConfiguration.swift in Sources */ = {isa = PBXBuildFile; fileRef = 60671CD52597DB0B003225D3 /* ManualProxyConfiguration.swift */; };
		60671CDF2597E050003225D3 /* ProxyAdapter.swift in Sources */ = {isa = PBXBuildFile; fileRef = 60671CDE2597E050003225D3 /* ProxyAdapter.swift */; };
		60671CE52597E56D003225D3 /* DefaultProxyRepository.swift in Sources */ = {isa = PBXBuildFile; fileRef = 60671CE42597E56D003225D3 /* DefaultProxyRepository.swift */; };
		60717FE325A3B49900AFE0FD /* ViewModel.swift in Sources */ = {isa = PBXBuildFile; fileRef = 60717FE225A3B49900AFE0FD /* ViewModel.swift */; };
		60717FE925A3B71900AFE0FD /* ReducedState.swift in Sources */ = {isa = PBXBuildFile; fileRef = 60717FE825A3B71900AFE0FD /* ReducedState.swift */; };
		60717FEF25A3C28400AFE0FD /* ProxyListViewModel.swift in Sources */ = {isa = PBXBuildFile; fileRef = 60717FEE25A3C28400AFE0FD /* ProxyListViewModel.swift */; };
		60BE481E2598AED000E28C51 /* NetworkExtension.swift in Sources */ = {isa = PBXBuildFile; fileRef = 60BE481D2598AED000E28C51 /* NetworkExtension.swift */; };
		60BE482425993A4900E28C51 /* AnyPublisher+Wrap.swift in Sources */ = {isa = PBXBuildFile; fileRef = 60BE482325993A4900E28C51 /* AnyPublisher+Wrap.swift */; };
		60E7514525AB4DF600AB6F37 /* Dependencies.swift in Sources */ = {isa = PBXBuildFile; fileRef = 60E7514425AB4DF600AB6F37 /* Dependencies.swift */; };
		60E7514925AB4F8B00AB6F37 /* ProxyListView.swift in Sources */ = {isa = PBXBuildFile; fileRef = 60E7514825AB4F8B00AB6F37 /* ProxyListView.swift */; };
		60E7514D25AB54BE00AB6F37 /* ProxyListScene.swift in Sources */ = {isa = PBXBuildFile; fileRef = 60E7514C25AB54BE00AB6F37 /* ProxyListScene.swift */; };
		60E7515325AB55D200AB6F37 /* ProxyListItemView.swift in Sources */ = {isa = PBXBuildFile; fileRef = 60E7515225AB55D200AB6F37 /* ProxyListItemView.swift */; };
		60E7515A25AB569200AB6F37 /* Previewable.swift in Sources */ = {isa = PBXBuildFile; fileRef = 60E7515925AB569200AB6F37 /* Previewable.swift */; };
		60E7516125AB578300AB6F37 /* ProxyDetailScene.swift in Sources */ = {isa = PBXBuildFile; fileRef = 60E7516025AB578300AB6F37 /* ProxyDetailScene.swift */; };
		60E7516925AB57A100AB6F37 /* ProxyDetailViewModel.swift in Sources */ = {isa = PBXBuildFile; fileRef = 60E7516825AB57A100AB6F37 /* ProxyDetailViewModel.swift */; };
		60E7517525AB589F00AB6F37 /* ProxyDetailView.swift in Sources */ = {isa = PBXBuildFile; fileRef = 60E7517425AB589F00AB6F37 /* ProxyDetailView.swift */; };
		D67DF1089047581004093275 /* Pods_Proxyman.framework in Frameworks */ = {isa = PBXBuildFile; fileRef = 7B6049B6513FF0F0947F0767 /* Pods_Proxyman.framework */; };
/* End PBXBuildFile section */

/* Begin PBXContainerItemProxy section */
		6039DA0E2597A7A100F32490 /* PBXContainerItemProxy */ = {
			isa = PBXContainerItemProxy;
			containerPortal = 6030FEB62596246400419E9D /* Project object */;
			proxyType = 1;
			remoteGlobalIDString = 6039DA052597A7A100F32490;
			remoteInfo = PacketTunnelProvider;
		};
/* End PBXContainerItemProxy section */

/* Begin PBXCopyFilesBuildPhase section */
		6039DA142597A7A100F32490 /* Embed App Extensions */ = {
			isa = PBXCopyFilesBuildPhase;
			buildActionMask = 2147483647;
			dstPath = "";
			dstSubfolderSpec = 13;
			files = (
				6039DA102597A7A100F32490 /* PacketTunnelProvider.appex in Embed App Extensions */,
			);
			name = "Embed App Extensions";
			runOnlyForDeploymentPostprocessing = 0;
		};
/* End PBXCopyFilesBuildPhase section */

/* Begin PBXFileReference section */
		1F5FEAE508F6A2525900CD02 /* Pods-Proxyman.release.xcconfig */ = {isa = PBXFileReference; includeInIndex = 1; lastKnownFileType = text.xcconfig; name = "Pods-Proxyman.release.xcconfig"; path = "Target Support Files/Pods-Proxyman/Pods-Proxyman.release.xcconfig"; sourceTree = "<group>"; };
		6030FEBE2596246400419E9D /* Proxyman.app */ = {isa = PBXFileReference; explicitFileType = wrapper.application; includeInIndex = 0; path = Proxyman.app; sourceTree = BUILT_PRODUCTS_DIR; };
		6030FEC12596246400419E9D /* AppDelegate.swift */ = {isa = PBXFileReference; lastKnownFileType = sourcecode.swift; path = AppDelegate.swift; sourceTree = "<group>"; };
		6030FEC32596246400419E9D /* SceneDelegate.swift */ = {isa = PBXFileReference; lastKnownFileType = sourcecode.swift; path = SceneDelegate.swift; sourceTree = "<group>"; };
		6030FEC72596246500419E9D /* Assets.xcassets */ = {isa = PBXFileReference; lastKnownFileType = folder.assetcatalog; path = Assets.xcassets; sourceTree = "<group>"; };
		6030FECA2596246500419E9D /* Preview Assets.xcassets */ = {isa = PBXFileReference; lastKnownFileType = folder.assetcatalog; path = "Preview Assets.xcassets"; sourceTree = "<group>"; };
		6030FECD2596246500419E9D /* Base */ = {isa = PBXFileReference; lastKnownFileType = file.storyboard; name = Base; path = Base.lproj/LaunchScreen.storyboard; sourceTree = "<group>"; };
		6030FECF2596246500419E9D /* Info.plist */ = {isa = PBXFileReference; lastKnownFileType = text.plist.xml; path = Info.plist; sourceTree = "<group>"; };
		6030FEE525962E5900419E9D /* R.generated.swift */ = {isa = PBXFileReference; fileEncoding = 4; lastKnownFileType = sourcecode.swift; path = R.generated.swift; sourceTree = "<group>"; };
		6039D9F12597A14900F32490 /* Proxyman.entitlements */ = {isa = PBXFileReference; lastKnownFileType = text.plist.entitlements; path = Proxyman.entitlements; sourceTree = "<group>"; };
		6039DA062597A7A100F32490 /* PacketTunnelProvider.appex */ = {isa = PBXFileReference; explicitFileType = "wrapper.app-extension"; includeInIndex = 0; path = PacketTunnelProvider.appex; sourceTree = BUILT_PRODUCTS_DIR; };
		6039DA072597A7A100F32490 /* NetworkExtension.framework */ = {isa = PBXFileReference; lastKnownFileType = wrapper.framework; name = NetworkExtension.framework; path = System/Library/Frameworks/NetworkExtension.framework; sourceTree = SDKROOT; };
		6039DA0A2597A7A100F32490 /* PacketTunnelProvider.swift */ = {isa = PBXFileReference; lastKnownFileType = sourcecode.swift; path = PacketTunnelProvider.swift; sourceTree = "<group>"; };
		6039DA0C2597A7A100F32490 /* Info.plist */ = {isa = PBXFileReference; lastKnownFileType = text.plist.xml; path = Info.plist; sourceTree = "<group>"; };
		6039DA0D2597A7A100F32490 /* PacketTunnelProvider.entitlements */ = {isa = PBXFileReference; lastKnownFileType = text.plist.entitlements; path = PacketTunnelProvider.entitlements; sourceTree = "<group>"; };
		6039DA1B2597A89500F32490 /* ExtensionPrint.swift */ = {isa = PBXFileReference; lastKnownFileType = sourcecode.swift; path = ExtensionPrint.swift; sourceTree = "<group>"; };
		60671CBF2597D9C7003225D3 /* ProxyRepository.swift */ = {isa = PBXFileReference; lastKnownFileType = sourcecode.swift; path = ProxyRepository.swift; sourceTree = "<group>"; };
		60671CC72597DA92003225D3 /* Proxy.swift */ = {isa = PBXFileReference; lastKnownFileType = sourcecode.swift; path = Proxy.swift; sourceTree = "<group>"; };
		60671CCD2597DAD1003225D3 /* ProxyConfiguration.swift */ = {isa = PBXFileReference; lastKnownFileType = sourcecode.swift; path = ProxyConfiguration.swift; sourceTree = "<group>"; };
		60671CD12597DAFF003225D3 /* AutoProxyConfiguration.swift */ = {isa = PBXFileReference; lastKnownFileType = sourcecode.swift; path = AutoProxyConfiguration.swift; sourceTree = "<group>"; };
		60671CD52597DB0B003225D3 /* ManualProxyConfiguration.swift */ = {isa = PBXFileReference; lastKnownFileType = sourcecode.swift; path = ManualProxyConfiguration.swift; sourceTree = "<group>"; };
		60671CDE2597E050003225D3 /* ProxyAdapter.swift */ = {isa = PBXFileReference; lastKnownFileType = sourcecode.swift; path = ProxyAdapter.swift; sourceTree = "<group>"; };
		60671CE42597E56D003225D3 /* DefaultProxyRepository.swift */ = {isa = PBXFileReference; lastKnownFileType = sourcecode.swift; path = DefaultProxyRepository.swift; sourceTree = "<group>"; };
		60717FE225A3B49900AFE0FD /* ViewModel.swift */ = {isa = PBXFileReference; lastKnownFileType = sourcecode.swift; path = ViewModel.swift; sourceTree = "<group>"; };
		60717FE825A3B71900AFE0FD /* ReducedState.swift */ = {isa = PBXFileReference; lastKnownFileType = sourcecode.swift; path = ReducedState.swift; sourceTree = "<group>"; };
		60717FEE25A3C28400AFE0FD /* ProxyListViewModel.swift */ = {isa = PBXFileReference; lastKnownFileType = sourcecode.swift; path = ProxyListViewModel.swift; sourceTree = "<group>"; };
		60BE481D2598AED000E28C51 /* NetworkExtension.swift */ = {isa = PBXFileReference; lastKnownFileType = sourcecode.swift; path = NetworkExtension.swift; sourceTree = "<group>"; };
		60BE482325993A4900E28C51 /* AnyPublisher+Wrap.swift */ = {isa = PBXFileReference; lastKnownFileType = sourcecode.swift; path = "AnyPublisher+Wrap.swift"; sourceTree = "<group>"; };
		60E7514425AB4DF600AB6F37 /* Dependencies.swift */ = {isa = PBXFileReference; lastKnownFileType = sourcecode.swift; path = Dependencies.swift; sourceTree = "<group>"; };
		60E7514825AB4F8B00AB6F37 /* ProxyListView.swift */ = {isa = PBXFileReference; lastKnownFileType = sourcecode.swift; path = ProxyListView.swift; sourceTree = "<group>"; };
		60E7514C25AB54BE00AB6F37 /* ProxyListScene.swift */ = {isa = PBXFileReference; lastKnownFileType = sourcecode.swift; path = ProxyListScene.swift; sourceTree = "<group>"; };
		60E7515225AB55D200AB6F37 /* ProxyListItemView.swift */ = {isa = PBXFileReference; lastKnownFileType = sourcecode.swift; path = ProxyListItemView.swift; sourceTree = "<group>"; };
		60E7515925AB569200AB6F37 /* Previewable.swift */ = {isa = PBXFileReference; lastKnownFileType = sourcecode.swift; path = Previewable.swift; sourceTree = "<group>"; };
		60E7516025AB578300AB6F37 /* ProxyDetailScene.swift */ = {isa = PBXFileReference; lastKnownFileType = sourcecode.swift; path = ProxyDetailScene.swift; sourceTree = "<group>"; };
		60E7516825AB57A100AB6F37 /* ProxyDetailViewModel.swift */ = {isa = PBXFileReference; lastKnownFileType = sourcecode.swift; path = ProxyDetailViewModel.swift; sourceTree = "<group>"; };
		60E7517425AB589F00AB6F37 /* ProxyDetailView.swift */ = {isa = PBXFileReference; lastKnownFileType = sourcecode.swift; path = ProxyDetailView.swift; sourceTree = "<group>"; };
		7B6049B6513FF0F0947F0767 /* Pods_Proxyman.framework */ = {isa = PBXFileReference; explicitFileType = wrapper.framework; includeInIndex = 0; path = Pods_Proxyman.framework; sourceTree = BUILT_PRODUCTS_DIR; };
		B46A66D337314D1AB4C6DCF5 /* Pods-Proxyman.debug.xcconfig */ = {isa = PBXFileReference; includeInIndex = 1; lastKnownFileType = text.xcconfig; name = "Pods-Proxyman.debug.xcconfig"; path = "Target Support Files/Pods-Proxyman/Pods-Proxyman.debug.xcconfig"; sourceTree = "<group>"; };
/* End PBXFileReference section */

/* Begin PBXFrameworksBuildPhase section */
		6030FEBB2596246400419E9D /* Frameworks */ = {
			isa = PBXFrameworksBuildPhase;
			buildActionMask = 2147483647;
			files = (
				D67DF1089047581004093275 /* Pods_Proxyman.framework in Frameworks */,
			);
			runOnlyForDeploymentPostprocessing = 0;
		};
		6039DA032597A7A100F32490 /* Frameworks */ = {
			isa = PBXFrameworksBuildPhase;
			buildActionMask = 2147483647;
			files = (
				6039DA082597A7A100F32490 /* NetworkExtension.framework in Frameworks */,
			);
			runOnlyForDeploymentPostprocessing = 0;
		};
/* End PBXFrameworksBuildPhase section */

/* Begin PBXGroup section */
		6030FEB52596246400419E9D = {
			isa = PBXGroup;
			children = (
				6030FEC02596246400419E9D /* Proxyman */,
				6039DA092597A7A100F32490 /* PacketTunnelProvider */,
				6030FEBF2596246400419E9D /* Products */,
				6409747AE28DC5183695FF56 /* Pods */,
				803E40644201726146A48428 /* Frameworks */,
			);
			sourceTree = "<group>";
		};
		6030FEBF2596246400419E9D /* Products */ = {
			isa = PBXGroup;
			children = (
				6030FEBE2596246400419E9D /* Proxyman.app */,
				6039DA062597A7A100F32490 /* PacketTunnelProvider.appex */,
			);
			name = Products;
			sourceTree = "<group>";
		};
		6030FEC02596246400419E9D /* Proxyman */ = {
			isa = PBXGroup;
			children = (
				6030FEDB25962A0100419E9D /* App */,
				60BE481C2598AEB000E28C51 /* Extensions */,
				60E7515825AB566800AB6F37 /* Utils */,
				60717FE125A3B47300AFE0FD /* MVVM */,
				60671CBE2597D9A3003225D3 /* Data */,
				60671CBB2597D947003225D3 /* Scenes */,
				6030FED92596273700419E9D /* Resources */,
				6030FED72596270F00419E9D /* Supporting Files */,
			);
			path = Proxyman;
			sourceTree = "<group>";
		};
		6030FED72596270F00419E9D /* Supporting Files */ = {
			isa = PBXGroup;
			children = (
				6030FECF2596246500419E9D /* Info.plist */,
				6039D9F12597A14900F32490 /* Proxyman.entitlements */,
			);
			path = "Supporting Files";
			sourceTree = "<group>";
		};
		6030FED92596273700419E9D /* Resources */ = {
			isa = PBXGroup;
			children = (
				6030FEE325962E4000419E9D /* Development */,
				6030FECC2596246500419E9D /* LaunchScreen.storyboard */,
				6030FEC72596246500419E9D /* Assets.xcassets */,
				6030FEE525962E5900419E9D /* R.generated.swift */,
			);
			path = Resources;
			sourceTree = "<group>";
		};
		6030FEDB25962A0100419E9D /* App */ = {
			isa = PBXGroup;
			children = (
				6030FEC12596246400419E9D /* AppDelegate.swift */,
				6030FEC32596246400419E9D /* SceneDelegate.swift */,
				60E7514425AB4DF600AB6F37 /* Dependencies.swift */,
			);
			path = App;
			sourceTree = "<group>";
		};
		6030FEE325962E4000419E9D /* Development */ = {
			isa = PBXGroup;
			children = (
				6030FECA2596246500419E9D /* Preview Assets.xcassets */,
			);
			path = Development;
			sourceTree = "<group>";
		};
		6039DA092597A7A100F32490 /* PacketTunnelProvider */ = {
			isa = PBXGroup;
			children = (
				6039DA1A2597A88000F32490 /* Utils */,
				60671CDA2597DF3B003225D3 /* Sources */,
				6039DA172597A7E700F32490 /* Supporting Files */,
			);
			path = PacketTunnelProvider;
			sourceTree = "<group>";
		};
		6039DA172597A7E700F32490 /* Supporting Files */ = {
			isa = PBXGroup;
			children = (
				6039DA0C2597A7A100F32490 /* Info.plist */,
				6039DA0D2597A7A100F32490 /* PacketTunnelProvider.entitlements */,
			);
			path = "Supporting Files";
			sourceTree = "<group>";
		};
		6039DA1A2597A88000F32490 /* Utils */ = {
			isa = PBXGroup;
			children = (
				6039DA1B2597A89500F32490 /* ExtensionPrint.swift */,
			);
			path = Utils;
			sourceTree = "<group>";
		};
		60671CBB2597D947003225D3 /* Scenes */ = {
			isa = PBXGroup;
			children = (
				60671CBC2597D96B003225D3 /* ProxyList */,
				60E7515F25AB575A00AB6F37 /* ProxyDetail */,
			);
			path = Scenes;
			sourceTree = "<group>";
		};
		60671CBC2597D96B003225D3 /* ProxyList */ = {
			isa = PBXGroup;
			children = (
				60E7514C25AB54BE00AB6F37 /* ProxyListScene.swift */,
				60717FF225A3C28700AFE0FD /* ViewModels */,
				60671CBD2597D975003225D3 /* Views */,
			);
			path = ProxyList;
			sourceTree = "<group>";
		};
		60671CBD2597D975003225D3 /* Views */ = {
			isa = PBXGroup;
			children = (
				60E7514825AB4F8B00AB6F37 /* ProxyListView.swift */,
				60E7515225AB55D200AB6F37 /* ProxyListItemView.swift */,
			);
			path = Views;
			sourceTree = "<group>";
		};
		60671CBE2597D9A3003225D3 /* Data */ = {
			isa = PBXGroup;
			children = (
				60671CDD2597E034003225D3 /* Adapters */,
				60671CC62597DA10003225D3 /* Models */,
				60671CC52597DA08003225D3 /* Repositories */,
			);
			path = Data;
			sourceTree = "<group>";
		};
		60671CC52597DA08003225D3 /* Repositories */ = {
			isa = PBXGroup;
			children = (
				60671CBF2597D9C7003225D3 /* ProxyRepository.swift */,
				60671CE42597E56D003225D3 /* DefaultProxyRepository.swift */,
			);
			path = Repositories;
			sourceTree = "<group>";
		};
		60671CC62597DA10003225D3 /* Models */ = {
			isa = PBXGroup;
			children = (
				60671CC72597DA92003225D3 /* Proxy.swift */,
				60671CCD2597DAD1003225D3 /* ProxyConfiguration.swift */,
				60671CD12597DAFF003225D3 /* AutoProxyConfiguration.swift */,
				60671CD52597DB0B003225D3 /* ManualProxyConfiguration.swift */,
			);
			path = Models;
			sourceTree = "<group>";
		};
		60671CDA2597DF3B003225D3 /* Sources */ = {
			isa = PBXGroup;
			children = (
				6039DA0A2597A7A100F32490 /* PacketTunnelProvider.swift */,
			);
			path = Sources;
			sourceTree = "<group>";
		};
		60671CDD2597E034003225D3 /* Adapters */ = {
			isa = PBXGroup;
			children = (
				60671CDE2597E050003225D3 /* ProxyAdapter.swift */,
			);
			path = Adapters;
			sourceTree = "<group>";
		};
		60717FE125A3B47300AFE0FD /* MVVM */ = {
			isa = PBXGroup;
			children = (
				60717FE225A3B49900AFE0FD /* ViewModel.swift */,
				60717FE825A3B71900AFE0FD /* ReducedState.swift */,
			);
			path = MVVM;
			sourceTree = "<group>";
		};
		60717FF225A3C28700AFE0FD /* ViewModels */ = {
			isa = PBXGroup;
			children = (
				60717FEE25A3C28400AFE0FD /* ProxyListViewModel.swift */,
			);
			path = ViewModels;
			sourceTree = "<group>";
		};
		60BE481C2598AEB000E28C51 /* Extensions */ = {
			isa = PBXGroup;
			children = (
				60BE482325993A4900E28C51 /* AnyPublisher+Wrap.swift */,
				60BE481D2598AED000E28C51 /* NetworkExtension.swift */,
			);
			path = Extensions;
			sourceTree = "<group>";
		};
		60E7515825AB566800AB6F37 /* Utils */ = {
			isa = PBXGroup;
			children = (
				60E7515925AB569200AB6F37 /* Previewable.swift */,
			);
			path = Utils;
			sourceTree = "<group>";
		};
		60E7515F25AB575A00AB6F37 /* ProxyDetail */ = {
			isa = PBXGroup;
			children = (
				60E7516025AB578300AB6F37 /* ProxyDetailScene.swift */,
				60E7516625AB578900AB6F37 /* ViewModels */,
				60E7516725AB578F00AB6F37 /* Views */,
			);
			path = ProxyDetail;
			sourceTree = "<group>";
		};
		60E7516625AB578900AB6F37 /* ViewModels */ = {
			isa = PBXGroup;
			children = (
				60E7516825AB57A100AB6F37 /* ProxyDetailViewModel.swift */,
			);
			path = ViewModels;
			sourceTree = "<group>";
		};
		60E7516725AB578F00AB6F37 /* Views */ = {
			isa = PBXGroup;
			children = (
				60E7517425AB589F00AB6F37 /* ProxyDetailView.swift */,
			);
			path = Views;
			sourceTree = "<group>";
		};
		6409747AE28DC5183695FF56 /* Pods */ = {
			isa = PBXGroup;
			children = (
				B46A66D337314D1AB4C6DCF5 /* Pods-Proxyman.debug.xcconfig */,
				1F5FEAE508F6A2525900CD02 /* Pods-Proxyman.release.xcconfig */,
			);
			path = Pods;
			sourceTree = "<group>";
		};
		803E40644201726146A48428 /* Frameworks */ = {
			isa = PBXGroup;
			children = (
				7B6049B6513FF0F0947F0767 /* Pods_Proxyman.framework */,
				6039DA072597A7A100F32490 /* NetworkExtension.framework */,
			);
			name = Frameworks;
			sourceTree = "<group>";
		};
/* End PBXGroup section */

/* Begin PBXNativeTarget section */
		6030FEBD2596246400419E9D /* Proxyman */ = {
			isa = PBXNativeTarget;
			buildConfigurationList = 6030FED22596246500419E9D /* Build configuration list for PBXNativeTarget "Proxyman" */;
			buildPhases = (
				2D7E34624054C5E757F20965 /* [CP] Check Pods Manifest.lock */,
				6030FEE125962DB100419E9D /* R.swift */,
				6030FEBA2596246400419E9D /* Sources */,
				6030FEBB2596246400419E9D /* Frameworks */,
				6030FEBC2596246400419E9D /* Resources */,
				634FCAE7689ADCC9620D233E /* [CP] Embed Pods Frameworks */,
				6039DA142597A7A100F32490 /* Embed App Extensions */,
			);
			buildRules = (
			);
			dependencies = (
				6039DA0F2597A7A100F32490 /* PBXTargetDependency */,
			);
			name = Proxyman;
			productName = Proxyman;
			productReference = 6030FEBE2596246400419E9D /* Proxyman.app */;
			productType = "com.apple.product-type.application";
		};
		6039DA052597A7A100F32490 /* PacketTunnelProvider */ = {
			isa = PBXNativeTarget;
			buildConfigurationList = 6039DA112597A7A100F32490 /* Build configuration list for PBXNativeTarget "PacketTunnelProvider" */;
			buildPhases = (
				6039DA022597A7A100F32490 /* Sources */,
				6039DA032597A7A100F32490 /* Frameworks */,
				6039DA042597A7A100F32490 /* Resources */,
			);
			buildRules = (
			);
			dependencies = (
			);
			name = PacketTunnelProvider;
			productName = PacketTunnelProvider;
			productReference = 6039DA062597A7A100F32490 /* PacketTunnelProvider.appex */;
			productType = "com.apple.product-type.app-extension";
		};
/* End PBXNativeTarget section */

/* Begin PBXProject section */
		6030FEB62596246400419E9D /* Project object */ = {
			isa = PBXProject;
			attributes = {
				LastSwiftUpdateCheck = 1220;
				LastUpgradeCheck = 1220;
				TargetAttributes = {
					6030FEBD2596246400419E9D = {
						CreatedOnToolsVersion = 12.2;
					};
					6039DA052597A7A100F32490 = {
						CreatedOnToolsVersion = 12.2;
					};
				};
			};
			buildConfigurationList = 6030FEB92596246400419E9D /* Build configuration list for PBXProject "Proxyman" */;
			compatibilityVersion = "Xcode 9.3";
			developmentRegion = en;
			hasScannedForEncodings = 0;
			knownRegions = (
				en,
				Base,
			);
			mainGroup = 6030FEB52596246400419E9D;
			productRefGroup = 6030FEBF2596246400419E9D /* Products */;
			projectDirPath = "";
			projectRoot = "";
			targets = (
				6030FEBD2596246400419E9D /* Proxyman */,
				6039DA052597A7A100F32490 /* PacketTunnelProvider */,
			);
		};
/* End PBXProject section */

/* Begin PBXResourcesBuildPhase section */
		6030FEBC2596246400419E9D /* Resources */ = {
			isa = PBXResourcesBuildPhase;
			buildActionMask = 2147483647;
			files = (
				6030FECE2596246500419E9D /* LaunchScreen.storyboard in Resources */,
				6030FECB2596246500419E9D /* Preview Assets.xcassets in Resources */,
				6030FEC82596246500419E9D /* Assets.xcassets in Resources */,
			);
			runOnlyForDeploymentPostprocessing = 0;
		};
		6039DA042597A7A100F32490 /* Resources */ = {
			isa = PBXResourcesBuildPhase;
			buildActionMask = 2147483647;
			files = (
			);
			runOnlyForDeploymentPostprocessing = 0;
		};
/* End PBXResourcesBuildPhase section */

/* Begin PBXShellScriptBuildPhase section */
		2D7E34624054C5E757F20965 /* [CP] Check Pods Manifest.lock */ = {
			isa = PBXShellScriptBuildPhase;
			buildActionMask = 2147483647;
			files = (
			);
			inputFileListPaths = (
			);
			inputPaths = (
				"${PODS_PODFILE_DIR_PATH}/Podfile.lock",
				"${PODS_ROOT}/Manifest.lock",
			);
			name = "[CP] Check Pods Manifest.lock";
			outputFileListPaths = (
			);
			outputPaths = (
				"$(DERIVED_FILE_DIR)/Pods-Proxyman-checkManifestLockResult.txt",
			);
			runOnlyForDeploymentPostprocessing = 0;
			shellPath = /bin/sh;
			shellScript = "diff \"${PODS_PODFILE_DIR_PATH}/Podfile.lock\" \"${PODS_ROOT}/Manifest.lock\" > /dev/null\nif [ $? != 0 ] ; then\n    # print error to STDERR\n    echo \"error: The sandbox is not in sync with the Podfile.lock. Run 'pod install' or update your CocoaPods installation.\" >&2\n    exit 1\nfi\n# This output is used by Xcode 'outputs' to avoid re-running this script phase.\necho \"SUCCESS\" > \"${SCRIPT_OUTPUT_FILE_0}\"\n";
			showEnvVarsInLog = 0;
		};
		6030FEE125962DB100419E9D /* R.swift */ = {
			isa = PBXShellScriptBuildPhase;
			buildActionMask = 2147483647;
			files = (
			);
			inputFileListPaths = (
			);
			inputPaths = (
				"$TEMP_DIR/rswift-lastrun",
			);
			name = R.swift;
			outputFileListPaths = (
			);
			outputPaths = (
				$SRCROOT/Proxyman/Resources/R.generated.swift,
			);
			runOnlyForDeploymentPostprocessing = 0;
			shellPath = /bin/sh;
			shellScript = "\"$PODS_ROOT/R.swift/rswift\" generate \"$SRCROOT/Proxyman/Resources/R.generated.swift\"\n";
		};
		634FCAE7689ADCC9620D233E /* [CP] Embed Pods Frameworks */ = {
			isa = PBXShellScriptBuildPhase;
			buildActionMask = 2147483647;
			files = (
			);
			inputFileListPaths = (
				"${PODS_ROOT}/Target Support Files/Pods-Proxyman/Pods-Proxyman-frameworks-${CONFIGURATION}-input-files.xcfilelist",
			);
			name = "[CP] Embed Pods Frameworks";
			outputFileListPaths = (
				"${PODS_ROOT}/Target Support Files/Pods-Proxyman/Pods-Proxyman-frameworks-${CONFIGURATION}-output-files.xcfilelist",
			);
			runOnlyForDeploymentPostprocessing = 0;
			shellPath = /bin/sh;
			shellScript = "\"${PODS_ROOT}/Target Support Files/Pods-Proxyman/Pods-Proxyman-frameworks.sh\"\n";
			showEnvVarsInLog = 0;
		};
/* End PBXShellScriptBuildPhase section */

/* Begin PBXSourcesBuildPhase section */
		6030FEBA2596246400419E9D /* Sources */ = {
			isa = PBXSourcesBuildPhase;
			buildActionMask = 2147483647;
			files = (
				60671CDF2597E050003225D3 /* ProxyAdapter.swift in Sources */,
				60671CD62597DB0B003225D3 /* ManualProxyConfiguration.swift in Sources */,
				60E7515325AB55D200AB6F37 /* ProxyListItemView.swift in Sources */,
				6030FEC22596246400419E9D /* AppDelegate.swift in Sources */,
				60E7514D25AB54BE00AB6F37 /* ProxyListScene.swift in Sources */,
				60E7514925AB4F8B00AB6F37 /* ProxyListView.swift in Sources */,
				60E7514525AB4DF600AB6F37 /* Dependencies.swift in Sources */,
				6030FEC42596246400419E9D /* SceneDelegate.swift in Sources */,
				60671CD22597DAFF003225D3 /* AutoProxyConfiguration.swift in Sources */,
				60671CE52597E56D003225D3 /* DefaultProxyRepository.swift in Sources */,
				60717FE325A3B49900AFE0FD /* ViewModel.swift in Sources */,
				6030FEE625962E5900419E9D /* R.generated.swift in Sources */,
				60BE481E2598AED000E28C51 /* NetworkExtension.swift in Sources */,
				60671CCE2597DAD1003225D3 /* ProxyConfiguration.swift in Sources */,
				60E7516925AB57A100AB6F37 /* ProxyDetailViewModel.swift in Sources */,
				60E7515A25AB569200AB6F37 /* Previewable.swift in Sources */,
				60717FE925A3B71900AFE0FD /* ReducedState.swift in Sources */,
				60671CC82597DA92003225D3 /* Proxy.swift in Sources */,
				60E7516125AB578300AB6F37 /* ProxyDetailScene.swift in Sources */,
				60717FEF25A3C28400AFE0FD /* ProxyListViewModel.swift in Sources */,
				60E7517525AB589F00AB6F37 /* ProxyDetailView.swift in Sources */,
				60671CC02597D9C7003225D3 /* ProxyRepository.swift in Sources */,
				60BE482425993A4900E28C51 /* AnyPublisher+Wrap.swift in Sources */,
			);
			runOnlyForDeploymentPostprocessing = 0;
		};
		6039DA022597A7A100F32490 /* Sources */ = {
			isa = PBXSourcesBuildPhase;
			buildActionMask = 2147483647;
			files = (
				6039DA0B2597A7A100F32490 /* PacketTunnelProvider.swift in Sources */,
				6039DA1C2597A89500F32490 /* ExtensionPrint.swift in Sources */,
			);
			runOnlyForDeploymentPostprocessing = 0;
		};
/* End PBXSourcesBuildPhase section */

/* Begin PBXTargetDependency section */
		6039DA0F2597A7A100F32490 /* PBXTargetDependency */ = {
			isa = PBXTargetDependency;
			target = 6039DA052597A7A100F32490 /* PacketTunnelProvider */;
			targetProxy = 6039DA0E2597A7A100F32490 /* PBXContainerItemProxy */;
		};
/* End PBXTargetDependency section */

/* Begin PBXVariantGroup section */
		6030FECC2596246500419E9D /* LaunchScreen.storyboard */ = {
			isa = PBXVariantGroup;
			children = (
				6030FECD2596246500419E9D /* Base */,
			);
			name = LaunchScreen.storyboard;
			sourceTree = "<group>";
		};
/* End PBXVariantGroup section */

/* Begin XCBuildConfiguration section */
		6030FED02596246500419E9D /* Debug */ = {
			isa = XCBuildConfiguration;
			buildSettings = {
				ALWAYS_SEARCH_USER_PATHS = NO;
				CLANG_ANALYZER_NONNULL = YES;
				CLANG_ANALYZER_NUMBER_OBJECT_CONVERSION = YES_AGGRESSIVE;
				CLANG_CXX_LANGUAGE_STANDARD = "gnu++14";
				CLANG_CXX_LIBRARY = "libc++";
				CLANG_ENABLE_MODULES = YES;
				CLANG_ENABLE_OBJC_ARC = YES;
				CLANG_ENABLE_OBJC_WEAK = YES;
				CLANG_WARN_BLOCK_CAPTURE_AUTORELEASING = YES;
				CLANG_WARN_BOOL_CONVERSION = YES;
				CLANG_WARN_COMMA = YES;
				CLANG_WARN_CONSTANT_CONVERSION = YES;
				CLANG_WARN_DEPRECATED_OBJC_IMPLEMENTATIONS = YES;
				CLANG_WARN_DIRECT_OBJC_ISA_USAGE = YES_ERROR;
				CLANG_WARN_DOCUMENTATION_COMMENTS = YES;
				CLANG_WARN_EMPTY_BODY = YES;
				CLANG_WARN_ENUM_CONVERSION = YES;
				CLANG_WARN_INFINITE_RECURSION = YES;
				CLANG_WARN_INT_CONVERSION = YES;
				CLANG_WARN_NON_LITERAL_NULL_CONVERSION = YES;
				CLANG_WARN_OBJC_IMPLICIT_RETAIN_SELF = YES;
				CLANG_WARN_OBJC_LITERAL_CONVERSION = YES;
				CLANG_WARN_OBJC_ROOT_CLASS = YES_ERROR;
				CLANG_WARN_QUOTED_INCLUDE_IN_FRAMEWORK_HEADER = YES;
				CLANG_WARN_RANGE_LOOP_ANALYSIS = YES;
				CLANG_WARN_STRICT_PROTOTYPES = YES;
				CLANG_WARN_SUSPICIOUS_MOVE = YES;
				CLANG_WARN_UNGUARDED_AVAILABILITY = YES_AGGRESSIVE;
				CLANG_WARN_UNREACHABLE_CODE = YES;
				CLANG_WARN__DUPLICATE_METHOD_MATCH = YES;
				COPY_PHASE_STRIP = NO;
				DEBUG_INFORMATION_FORMAT = dwarf;
				ENABLE_STRICT_OBJC_MSGSEND = YES;
				ENABLE_TESTABILITY = YES;
				GCC_C_LANGUAGE_STANDARD = gnu11;
				GCC_DYNAMIC_NO_PIC = NO;
				GCC_NO_COMMON_BLOCKS = YES;
				GCC_OPTIMIZATION_LEVEL = 0;
				GCC_PREPROCESSOR_DEFINITIONS = (
					"DEBUG=1",
					"$(inherited)",
				);
				GCC_WARN_64_TO_32_BIT_CONVERSION = YES;
				GCC_WARN_ABOUT_RETURN_TYPE = YES_ERROR;
				GCC_WARN_UNDECLARED_SELECTOR = YES;
				GCC_WARN_UNINITIALIZED_AUTOS = YES_AGGRESSIVE;
				GCC_WARN_UNUSED_FUNCTION = YES;
				GCC_WARN_UNUSED_VARIABLE = YES;
				IPHONEOS_DEPLOYMENT_TARGET = 14.2;
				MTL_ENABLE_DEBUG_INFO = INCLUDE_SOURCE;
				MTL_FAST_MATH = YES;
				ONLY_ACTIVE_ARCH = YES;
				PRODUCT_BUNDLE_IDENTIFIER_PREFIX = ua.ky1vstar2;
				SDKROOT = iphoneos;
				SWIFT_ACTIVE_COMPILATION_CONDITIONS = DEBUG;
				SWIFT_OPTIMIZATION_LEVEL = "-Onone";
			};
			name = Debug;
		};
		6030FED12596246500419E9D /* Release */ = {
			isa = XCBuildConfiguration;
			buildSettings = {
				ALWAYS_SEARCH_USER_PATHS = NO;
				CLANG_ANALYZER_NONNULL = YES;
				CLANG_ANALYZER_NUMBER_OBJECT_CONVERSION = YES_AGGRESSIVE;
				CLANG_CXX_LANGUAGE_STANDARD = "gnu++14";
				CLANG_CXX_LIBRARY = "libc++";
				CLANG_ENABLE_MODULES = YES;
				CLANG_ENABLE_OBJC_ARC = YES;
				CLANG_ENABLE_OBJC_WEAK = YES;
				CLANG_WARN_BLOCK_CAPTURE_AUTORELEASING = YES;
				CLANG_WARN_BOOL_CONVERSION = YES;
				CLANG_WARN_COMMA = YES;
				CLANG_WARN_CONSTANT_CONVERSION = YES;
				CLANG_WARN_DEPRECATED_OBJC_IMPLEMENTATIONS = YES;
				CLANG_WARN_DIRECT_OBJC_ISA_USAGE = YES_ERROR;
				CLANG_WARN_DOCUMENTATION_COMMENTS = YES;
				CLANG_WARN_EMPTY_BODY = YES;
				CLANG_WARN_ENUM_CONVERSION = YES;
				CLANG_WARN_INFINITE_RECURSION = YES;
				CLANG_WARN_INT_CONVERSION = YES;
				CLANG_WARN_NON_LITERAL_NULL_CONVERSION = YES;
				CLANG_WARN_OBJC_IMPLICIT_RETAIN_SELF = YES;
				CLANG_WARN_OBJC_LITERAL_CONVERSION = YES;
				CLANG_WARN_OBJC_ROOT_CLASS = YES_ERROR;
				CLANG_WARN_QUOTED_INCLUDE_IN_FRAMEWORK_HEADER = YES;
				CLANG_WARN_RANGE_LOOP_ANALYSIS = YES;
				CLANG_WARN_STRICT_PROTOTYPES = YES;
				CLANG_WARN_SUSPICIOUS_MOVE = YES;
				CLANG_WARN_UNGUARDED_AVAILABILITY = YES_AGGRESSIVE;
				CLANG_WARN_UNREACHABLE_CODE = YES;
				CLANG_WARN__DUPLICATE_METHOD_MATCH = YES;
				COPY_PHASE_STRIP = NO;
				DEBUG_INFORMATION_FORMAT = "dwarf-with-dsym";
				ENABLE_NS_ASSERTIONS = NO;
				ENABLE_STRICT_OBJC_MSGSEND = YES;
				GCC_C_LANGUAGE_STANDARD = gnu11;
				GCC_NO_COMMON_BLOCKS = YES;
				GCC_WARN_64_TO_32_BIT_CONVERSION = YES;
				GCC_WARN_ABOUT_RETURN_TYPE = YES_ERROR;
				GCC_WARN_UNDECLARED_SELECTOR = YES;
				GCC_WARN_UNINITIALIZED_AUTOS = YES_AGGRESSIVE;
				GCC_WARN_UNUSED_FUNCTION = YES;
				GCC_WARN_UNUSED_VARIABLE = YES;
				IPHONEOS_DEPLOYMENT_TARGET = 14.2;
				MTL_ENABLE_DEBUG_INFO = NO;
				MTL_FAST_MATH = YES;
				PRODUCT_BUNDLE_IDENTIFIER_PREFIX = ua.ky1vstar2;
				SDKROOT = iphoneos;
				SWIFT_COMPILATION_MODE = wholemodule;
				SWIFT_OPTIMIZATION_LEVEL = "-O";
				VALIDATE_PRODUCT = YES;
			};
			name = Release;
		};
		6030FED32596246500419E9D /* Debug */ = {
			isa = XCBuildConfiguration;
			baseConfigurationReference = B46A66D337314D1AB4C6DCF5 /* Pods-Proxyman.debug.xcconfig */;
			buildSettings = {
				ALWAYS_EMBED_SWIFT_STANDARD_LIBRARIES = YES;
				ASSETCATALOG_COMPILER_APPICON_NAME = AppIcon;
				ASSETCATALOG_COMPILER_GLOBAL_ACCENT_COLOR_NAME = AccentColor;
				CODE_SIGN_ENTITLEMENTS = "Proxyman/Supporting Files/Proxyman.entitlements";
				CODE_SIGN_IDENTITY = "Apple Development";
				CODE_SIGN_STYLE = Automatic;
				DEVELOPMENT_ASSET_PATHS = "\"Proxyman/Resources/Development\"";
				DEVELOPMENT_TEAM = Q78J22N7UT;
				ENABLE_PREVIEWS = YES;
				INFOPLIST_FILE = "Proxyman/Supporting Files/Info.plist";
				IPHONEOS_DEPLOYMENT_TARGET = 13.0;
				LD_RUNPATH_SEARCH_PATHS = (
					"$(inherited)",
					"@executable_path/Frameworks",
				);
				PRODUCT_BUNDLE_IDENTIFIER = "$(PRODUCT_BUNDLE_IDENTIFIER_PREFIX).Proxyman";
				PRODUCT_NAME = "$(TARGET_NAME)";
				PROVISIONING_PROFILE_SPECIFIER = "";
				SWIFT_VERSION = 5.0;
				TARGETED_DEVICE_FAMILY = "1,2";
			};
			name = Debug;
		};
		6030FED42596246500419E9D /* Release */ = {
			isa = XCBuildConfiguration;
			baseConfigurationReference = 1F5FEAE508F6A2525900CD02 /* Pods-Proxyman.release.xcconfig */;
			buildSettings = {
				ALWAYS_EMBED_SWIFT_STANDARD_LIBRARIES = YES;
				ASSETCATALOG_COMPILER_APPICON_NAME = AppIcon;
				ASSETCATALOG_COMPILER_GLOBAL_ACCENT_COLOR_NAME = AccentColor;
				CODE_SIGN_ENTITLEMENTS = "Proxyman/Supporting Files/Proxyman.entitlements";
				CODE_SIGN_STYLE = Automatic;
				DEVELOPMENT_ASSET_PATHS = "\"Proxyman/Resources/Development\"";
				DEVELOPMENT_TEAM = R556GPA7X2;
				ENABLE_PREVIEWS = YES;
				INFOPLIST_FILE = "Proxyman/Supporting Files/Info.plist";
				IPHONEOS_DEPLOYMENT_TARGET = 13.0;
				LD_RUNPATH_SEARCH_PATHS = (
					"$(inherited)",
					"@executable_path/Frameworks",
				);
				PRODUCT_BUNDLE_IDENTIFIER = "$(PRODUCT_BUNDLE_IDENTIFIER_PREFIX).Proxyman";
				PRODUCT_NAME = "$(TARGET_NAME)";
				SWIFT_VERSION = 5.0;
				TARGETED_DEVICE_FAMILY = "1,2";
			};
			name = Release;
		};
		6039DA122597A7A100F32490 /* Debug */ = {
			isa = XCBuildConfiguration;
			buildSettings = {
				CODE_SIGN_ENTITLEMENTS = "PacketTunnelProvider/Supporting Files/PacketTunnelProvider.entitlements";
				CODE_SIGN_IDENTITY = "Apple Development";
				CODE_SIGN_STYLE = Automatic;
				DEVELOPMENT_TEAM = Q78J22N7UT;
				INFOPLIST_FILE = "PacketTunnelProvider/Supporting Files/Info.plist";
				IPHONEOS_DEPLOYMENT_TARGET = 13.0;
				LD_RUNPATH_SEARCH_PATHS = (
					"$(inherited)",
					"@executable_path/Frameworks",
					"@executable_path/../../Frameworks",
				);
				PRODUCT_BUNDLE_IDENTIFIER = "$(PRODUCT_BUNDLE_IDENTIFIER_PREFIX).Proxyman.PacketTunnelProvider";
				PRODUCT_NAME = "$(TARGET_NAME)";
				SKIP_INSTALL = YES;
				SWIFT_VERSION = 5.0;
				TARGETED_DEVICE_FAMILY = "1,2";
			};
			name = Debug;
		};
		6039DA132597A7A100F32490 /* Release */ = {
			isa = XCBuildConfiguration;
			buildSettings = {
				CODE_SIGN_ENTITLEMENTS = "PacketTunnelProvider/Supporting Files/PacketTunnelProvider.entitlements";
				CODE_SIGN_STYLE = Automatic;
				DEVELOPMENT_TEAM = Q78J22N7UT;
				INFOPLIST_FILE = "PacketTunnelProvider/Supporting Files/Info.plist";
				IPHONEOS_DEPLOYMENT_TARGET = 13.0;
				LD_RUNPATH_SEARCH_PATHS = (
					"$(inherited)",
					"@executable_path/Frameworks",
					"@executable_path/../../Frameworks",
				);
				PRODUCT_BUNDLE_IDENTIFIER = "$(PRODUCT_BUNDLE_IDENTIFIER_PREFIX).Proxyman.PacketTunnelProvider";
				PRODUCT_NAME = "$(TARGET_NAME)";
				SKIP_INSTALL = YES;
				SWIFT_VERSION = 5.0;
				TARGETED_DEVICE_FAMILY = "1,2";
			};
			name = Release;
		};
/* End XCBuildConfiguration section */

/* Begin XCConfigurationList section */
		6030FEB92596246400419E9D /* Build configuration list for PBXProject "Proxyman" */ = {
			isa = XCConfigurationList;
			buildConfigurations = (
				6030FED02596246500419E9D /* Debug */,
				6030FED12596246500419E9D /* Release */,
			);
			defaultConfigurationIsVisible = 0;
			defaultConfigurationName = Release;
		};
		6030FED22596246500419E9D /* Build configuration list for PBXNativeTarget "Proxyman" */ = {
			isa = XCConfigurationList;
			buildConfigurations = (
				6030FED32596246500419E9D /* Debug */,
				6030FED42596246500419E9D /* Release */,
			);
			defaultConfigurationIsVisible = 0;
			defaultConfigurationName = Release;
		};
		6039DA112597A7A100F32490 /* Build configuration list for PBXNativeTarget "PacketTunnelProvider" */ = {
			isa = XCConfigurationList;
			buildConfigurations = (
				6039DA122597A7A100F32490 /* Debug */,
				6039DA132597A7A100F32490 /* Release */,
			);
			defaultConfigurationIsVisible = 0;
			defaultConfigurationName = Release;
		};
/* End XCConfigurationList section */
	};
	rootObject = 6030FEB62596246400419E9D /* Project object */;
}
